
Microsoft Visual Studio Solution File, Format Version 12.00
# Visual Studio 15
VisualStudioVersion = 15.0.28307.757
MinimumVisualStudioVersion = 10.0.40219.1
Project("{FAE04EC0-301F-11D3-BF4B-00C04F79EFBC}") = "SMS_Sender", "SMS_Sender\SMS_Sender.csproj", "{908AC15E-6B52-40C3-A328-9EA7955257B5}"
EndProject
Global
	GlobalSection(SolutionConfigurationPlatforms) = preSolution
		Debug|Any CPU = Debug|Any CPU
		Release|Any CPU = Release|Any CPU
	EndGlobalSection
	GlobalSection(ProjectConfigurationPlatforms) = postSolution
		{908AC15E-6B52-40C3-A328-9EA7955257B5}.Debug|Any CPU.ActiveCfg = Debug|Any CPU
		{908AC15E-6B52-40C3-A328-9EA7955257B5}.Debug|Any CPU.Build.0 = Debug|Any CPU
		{908AC15E-6B52-40C3-A328-9EA7955257B5}.Release|Any CPU.ActiveCfg = Release|Any CPU
		{908AC15E-6B52-40C3-A328-9EA7955257B5}.Release|Any CPU.Build.0 = Release|Any CPU
	EndGlobalSection
	GlobalSection(SolutionProperties) = preSolution
		HideSolutionNode = FALSE
	EndGlobalSection
	GlobalSection(ExtensibilityGlobals) = postSolution
		SolutionGuid = {63520799-2F8D-4D56-86D6-B01E83903BF2}
	EndGlobalSection
EndGlobal
